
Microsoft Visual Studio Solution File, Format Version 12.00
# Visual Studio 15
VisualStudioVersion = 15.0.27130.2024
MinimumVisualStudioVersion = 10.0.40219.1
Project("{FAE04EC0-301F-11D3-BF4B-00C04F79EFBC}") = "TestingCSharp", "testing2\TestingCSharp.csproj", "{7287B96F-410E-4B9F-B2E5-311B2E6CB503}"
EndProject
Project("{FAE04EC0-301F-11D3-BF4B-00C04F79EFBC}") = "WingtipToys", "WingtipToys\WingtipToys.csproj", "{E2059230-EA90-4FA0-BA1D-0A50AA234E4A}"
EndProject
Project("{FAE04EC0-301F-11D3-BF4B-00C04F79EFBC}") = "WebFormsTest", "WebFormsTest\WebFormsTest.csproj", "{7E046B59-A602-4279-8941-42A049BE4DFA}"
EndProject
Project("{FAE04EC0-301F-11D3-BF4B-00C04F79EFBC}") = "MvcMovie", "MvcMovie\MvcMovie.csproj", "{CE471974-4C1B-4C55-AD60-03B90822A148}"
EndProject
Project("{FAE04EC0-301F-11D3-BF4B-00C04F79EFBC}") = "GettingStartedLib", "GettingStartedLib\GettingStartedLib.csproj", "{26096741-00A9-48C6-8649-26F9A759CE86}"
EndProject
Project("{FAE04EC0-301F-11D3-BF4B-00C04F79EFBC}") = "GettingStartedHost", "GettingStartedHost\GettingStartedHost.csproj", "{D151EF15-6688-4485-8D4E-7CBE76CA4357}"
EndProject
Global
	GlobalSection(SolutionConfigurationPlatforms) = preSolution
		Debug|Any CPU = Debug|Any CPU
		Release|Any CPU = Release|Any CPU
	EndGlobalSection
	GlobalSection(ProjectConfigurationPlatforms) = postSolution
		{7287B96F-410E-4B9F-B2E5-311B2E6CB503}.Debug|Any CPU.ActiveCfg = Debug|Any CPU
		{7287B96F-410E-4B9F-B2E5-311B2E6CB503}.Debug|Any CPU.Build.0 = Debug|Any CPU
		{7287B96F-410E-4B9F-B2E5-311B2E6CB503}.Release|Any CPU.ActiveCfg = Release|Any CPU
		{7287B96F-410E-4B9F-B2E5-311B2E6CB503}.Release|Any CPU.Build.0 = Release|Any CPU
		{E2059230-EA90-4FA0-BA1D-0A50AA234E4A}.Debug|Any CPU.ActiveCfg = Debug|Any CPU
		{E2059230-EA90-4FA0-BA1D-0A50AA234E4A}.Debug|Any CPU.Build.0 = Debug|Any CPU
		{E2059230-EA90-4FA0-BA1D-0A50AA234E4A}.Release|Any CPU.ActiveCfg = Release|Any CPU
		{E2059230-EA90-4FA0-BA1D-0A50AA234E4A}.Release|Any CPU.Build.0 = Release|Any CPU
		{7E046B59-A602-4279-8941-42A049BE4DFA}.Debug|Any CPU.ActiveCfg = Debug|Any CPU
		{7E046B59-A602-4279-8941-42A049BE4DFA}.Debug|Any CPU.Build.0 = Debug|Any CPU
		{7E046B59-A602-4279-8941-42A049BE4DFA}.Release|Any CPU.ActiveCfg = Release|Any CPU
		{7E046B59-A602-4279-8941-42A049BE4DFA}.Release|Any CPU.Build.0 = Release|Any CPU
		{CE471974-4C1B-4C55-AD60-03B90822A148}.Debug|Any CPU.ActiveCfg = Debug|Any CPU
		{CE471974-4C1B-4C55-AD60-03B90822A148}.Debug|Any CPU.Build.0 = Debug|Any CPU
		{CE471974-4C1B-4C55-AD60-03B90822A148}.Release|Any CPU.ActiveCfg = Release|Any CPU
		{CE471974-4C1B-4C55-AD60-03B90822A148}.Release|Any CPU.Build.0 = Release|Any CPU
		{26096741-00A9-48C6-8649-26F9A759CE86}.Debug|Any CPU.ActiveCfg = Debug|Any CPU
		{26096741-00A9-48C6-8649-26F9A759CE86}.Debug|Any CPU.Build.0 = Debug|Any CPU
		{26096741-00A9-48C6-8649-26F9A759CE86}.Release|Any CPU.ActiveCfg = Release|Any CPU
		{26096741-00A9-48C6-8649-26F9A759CE86}.Release|Any CPU.Build.0 = Release|Any CPU
		{D151EF15-6688-4485-8D4E-7CBE76CA4357}.Debug|Any CPU.ActiveCfg = Debug|Any CPU
		{D151EF15-6688-4485-8D4E-7CBE76CA4357}.Debug|Any CPU.Build.0 = Debug|Any CPU
		{D151EF15-6688-4485-8D4E-7CBE76CA4357}.Release|Any CPU.ActiveCfg = Release|Any CPU
		{D151EF15-6688-4485-8D4E-7CBE76CA4357}.Release|Any CPU.Build.0 = Release|Any CPU
	EndGlobalSection
	GlobalSection(SolutionProperties) = preSolution
		HideSolutionNode = FALSE
	EndGlobalSection
	GlobalSection(ExtensibilityGlobals) = postSolution
		SolutionGuid = {5E38E309-ACBE-474F-B3DE-15B906153B36}
	EndGlobalSection
EndGlobal
